// !$*UTF8*$!
{
	archiveVersion = 1;
	classes = {
	};
	objectVersion = 56;
	objects = {

/* Begin PBXBuildFile section */
		BCC4DE322B224B9800C88192 /* AppDelegate.swift in Sources */ = {isa = PBXBuildFile; fileRef = BCC4DE312B224B9800C88192 /* AppDelegate.swift */; };
		BCC4DE342B224B9800C88192 /* SceneDelegate.swift in Sources */ = {isa = PBXBuildFile; fileRef = BCC4DE332B224B9800C88192 /* SceneDelegate.swift */; };
		BCC4DE362B224B9800C88192 /* ViewController.swift in Sources */ = {isa = PBXBuildFile; fileRef = BCC4DE352B224B9800C88192 /* ViewController.swift */; };
		BCC4DE392B224B9800C88192 /* Main.storyboard in Resources */ = {isa = PBXBuildFile; fileRef = BCC4DE372B224B9800C88192 /* Main.storyboard */; };
		BCC4DE3B2B224B9A00C88192 /* Assets.xcassets in Resources */ = {isa = PBXBuildFile; fileRef = BCC4DE3A2B224B9A00C88192 /* Assets.xcassets */; };
		BCC4DE3E2B224B9A00C88192 /* LaunchScreen.storyboard in Resources */ = {isa = PBXBuildFile; fileRef = BCC4DE3C2B224B9A00C88192 /* LaunchScreen.storyboard */; };
		BCC4DE4A2B27E08100C88192 /* LocaisViewTableViewController.swift in Sources */ = {isa = PBXBuildFile; fileRef = BCC4DE492B27E08100C88192 /* LocaisViewTableViewController.swift */; };
		BCE273DC2B3785F1009144F7 /* ArmazenamentoDados.swift in Sources */ = {isa = PBXBuildFile; fileRef = BCE273DB2B3785F1009144F7 /* ArmazenamentoDados.swift */; };
/* End PBXBuildFile section */

/* Begin PBXFileReference section */
		BCC4DE2E2B224B9800C88192 /* Minhas Viagens.app */ = {isa = PBXFileReference; explicitFileType = wrapper.application; includeInIndex = 0; name = "Minhas Viagens.app"; path = "/Users/thalytinha/Documents/Minhas Viagens/build/Debug-iphoneos/Minhas Viagens.app"; sourceTree = "<absolute>"; };
		BCC4DE312B224B9800C88192 /* AppDelegate.swift */ = {isa = PBXFileReference; lastKnownFileType = sourcecode.swift; path = AppDelegate.swift; sourceTree = "<group>"; };
		BCC4DE332B224B9800C88192 /* SceneDelegate.swift */ = {isa = PBXFileReference; lastKnownFileType = sourcecode.swift; path = SceneDelegate.swift; sourceTree = "<group>"; };
		BCC4DE352B224B9800C88192 /* ViewController.swift */ = {isa = PBXFileReference; lastKnownFileType = sourcecode.swift; path = ViewController.swift; sourceTree = "<group>"; };
		BCC4DE382B224B9800C88192 /* Base */ = {isa = PBXFileReference; lastKnownFileType = file.storyboard; name = Base; path = Base.lproj/Main.storyboard; sourceTree = "<group>"; };
		BCC4DE3A2B224B9A00C88192 /* Assets.xcassets */ = {isa = PBXFileReference; lastKnownFileType = folder.assetcatalog; path = Assets.xcassets; sourceTree = "<group>"; };
		BCC4DE3D2B224B9A00C88192 /* Base */ = {isa = PBXFileReference; lastKnownFileType = file.storyboard; name = Base; path = Base.lproj/LaunchScreen.storyboard; sourceTree = "<group>"; };
		BCC4DE3F2B224B9A00C88192 /* Info.plist */ = {isa = PBXFileReference; lastKnownFileType = text.plist.xml; path = Info.plist; sourceTree = "<group>"; };
		BCC4DE492B27E08100C88192 /* LocaisViewTableViewController.swift */ = {isa = PBXFileReference; lastKnownFileType = sourcecode.swift; path = LocaisViewTableViewController.swift; sourceTree = "<group>"; };
		BCE273DB2B3785F1009144F7 /* ArmazenamentoDados.swift */ = {isa = PBXFileReference; lastKnownFileType = sourcecode.swift; path = ArmazenamentoDados.swift; sourceTree = "<group>"; };
/* End PBXFileReference section */

/* Begin PBXFrameworksBuildPhase section */
		BCC4DE2B2B224B9800C88192 /* Frameworks */ = {
			isa = PBXFrameworksBuildPhase;
			buildActionMask = 2147483647;
			files = (
			);
			runOnlyForDeploymentPostprocessing = 0;
		};
/* End PBXFrameworksBuildPhase section */

/* Begin PBXGroup section */
		BCC4DE252B224B9800C88192 = {
			isa = PBXGroup;
			children = (
				BCC4DE302B224B9800C88192 /* Minhas Viagens */,
			);
			sourceTree = "<group>";
		};
		BCC4DE302B224B9800C88192 /* Minhas Viagens */ = {
			isa = PBXGroup;
			children = (
				BCC4DE492B27E08100C88192 /* LocaisViewTableViewController.swift */,
				BCC4DE312B224B9800C88192 /* AppDelegate.swift */,
				BCC4DE332B224B9800C88192 /* SceneDelegate.swift */,
				BCC4DE352B224B9800C88192 /* ViewController.swift */,
				BCE273DB2B3785F1009144F7 /* ArmazenamentoDados.swift */,
				BCC4DE372B224B9800C88192 /* Main.storyboard */,
				BCC4DE3A2B224B9A00C88192 /* Assets.xcassets */,
				BCC4DE3C2B224B9A00C88192 /* LaunchScreen.storyboard */,
				BCC4DE3F2B224B9A00C88192 /* Info.plist */,
			);
			path = "Minhas Viagens";
			sourceTree = "<group>";
		};
/* End PBXGroup section */

/* Begin PBXNativeTarget section */
		BCC4DE2D2B224B9800C88192 /* Minhas Viagens */ = {
			isa = PBXNativeTarget;
			buildConfigurationList = BCC4DE422B224B9A00C88192 /* Build configuration list for PBXNativeTarget "Minhas Viagens" */;
			buildPhases = (
				BCC4DE2A2B224B9800C88192 /* Sources */,
				BCC4DE2B2B224B9800C88192 /* Frameworks */,
				BCC4DE2C2B224B9800C88192 /* Resources */,
			);
			buildRules = (
			);
			dependencies = (
			);
			name = "Minhas Viagens";
			productName = "Minhas Viagens";
			productReference = BCC4DE2E2B224B9800C88192 /* Minhas Viagens.app */;
			productType = "com.apple.product-type.application";
		};
/* End PBXNativeTarget section */

/* Begin PBXProject section */
		BCC4DE262B224B9800C88192 /* Project object */ = {
			isa = PBXProject;
			attributes = {
				BuildIndependentTargetsInParallel = 1;
				LastSwiftUpdateCheck = 1500;
				LastUpgradeCheck = 1500;
				TargetAttributes = {
					BCC4DE2D2B224B9800C88192 = {
						CreatedOnToolsVersion = 15.0;
					};
				};
			};
			buildConfigurationList = BCC4DE292B224B9800C88192 /* Build configuration list for PBXProject "Minhas Viagens" */;
			compatibilityVersion = "Xcode 14.0";
			developmentRegion = en;
			hasScannedForEncodings = 0;
			knownRegions = (
				en,
				Base,
			);
			mainGroup = BCC4DE252B224B9800C88192;
			productRefGroup = BCC4DE252B224B9800C88192;
			projectDirPath = "";
			projectRoot = "";
			targets = (
				BCC4DE2D2B224B9800C88192 /* Minhas Viagens */,
			);
		};
/* End PBXProject section */

/* Begin PBXResourcesBuildPhase section */
		BCC4DE2C2B224B9800C88192 /* Resources */ = {
			isa = PBXResourcesBuildPhase;
			buildActionMask = 2147483647;
			files = (
				BCC4DE3E2B224B9A00C88192 /* LaunchScreen.storyboard in Resources */,
				BCC4DE3B2B224B9A00C88192 /* Assets.xcassets in Resources */,
				BCC4DE392B224B9800C88192 /* Main.storyboard in Resources */,
			);
			runOnlyForDeploymentPostprocessing = 0;
		};
/* End PBXResourcesBuildPhase section */

/* Begin PBXSourcesBuildPhase section */
		BCC4DE2A2B224B9800C88192 /* Sources */ = {
			isa = PBXSourcesBuildPhase;
			buildActionMask = 2147483647;
			files = (
				BCC4DE362B224B9800C88192 /* ViewController.swift in Sources */,
				BCE273DC2B3785F1009144F7 /* ArmazenamentoDados.swift in Sources */,
				BCC4DE322B224B9800C88192 /* AppDelegate.swift in Sources */,
				BCC4DE342B224B9800C88192 /* SceneDelegate.swift in Sources */,
				BCC4DE4A2B27E08100C88192 /* LocaisViewTableViewController.swift in Sources */,
			);
			runOnlyForDeploymentPostprocessing = 0;
		};
/* End PBXSourcesBuildPhase section */

/* Begin PBXVariantGroup section */
		BCC4DE372B224B9800C88192 /* Main.storyboard */ = {
			isa = PBXVariantGroup;
			children = (
				BCC4DE382B224B9800C88192 /* Base */,
			);
			name = Main.storyboard;
			sourceTree = "<group>";
		};
		BCC4DE3C2B224B9A00C88192 /* LaunchScreen.storyboard */ = {
			isa = PBXVariantGroup;
			children = (
				BCC4DE3D2B224B9A00C88192 /* Base */,
			);
			name = LaunchScreen.storyboard;
			sourceTree = "<group>";
		};
/* End PBXVariantGroup section */

/* Begin XCBuildConfiguration section */
		BCC4DE402B224B9A00C88192 /* Debug */ = {
			isa = XCBuildConfiguration;
			buildSettings = {
				ALWAYS_SEARCH_USER_PATHS = NO;
				ASSETCATALOG_COMPILER_GENERATE_SWIFT_ASSET_SYMBOL_EXTENSIONS = YES;
				CLANG_ANALYZER_NONNULL = YES;
				CLANG_ANALYZER_NUMBER_OBJECT_CONVERSION = YES_AGGRESSIVE;
				CLANG_CXX_LANGUAGE_STANDARD = "gnu++20";
				CLANG_ENABLE_MODULES = YES;
				CLANG_ENABLE_OBJC_ARC = YES;
				CLANG_ENABLE_OBJC_WEAK = YES;
				CLANG_WARN_BLOCK_CAPTURE_AUTORELEASING = YES;
				CLANG_WARN_BOOL_CONVERSION = YES;
				CLANG_WARN_COMMA = YES;
				CLANG_WARN_CONSTANT_CONVERSION = YES;
				CLANG_WARN_DEPRECATED_OBJC_IMPLEMENTATIONS = YES;
				CLANG_WARN_DIRECT_OBJC_ISA_USAGE = YES_ERROR;
				CLANG_WARN_DOCUMENTATION_COMMENTS = YES;
				CLANG_WARN_EMPTY_BODY = YES;
				CLANG_WARN_ENUM_CONVERSION = YES;
				CLANG_WARN_INFINITE_RECURSION = YES;
				CLANG_WARN_INT_CONVERSION = YES;
				CLANG_WARN_NON_LITERAL_NULL_CONVERSION = YES;
				CLANG_WARN_OBJC_IMPLICIT_RETAIN_SELF = YES;
				CLANG_WARN_OBJC_LITERAL_CONVERSION = YES;
				CLANG_WARN_OBJC_ROOT_CLASS = YES_ERROR;
				CLANG_WARN_QUOTED_INCLUDE_IN_FRAMEWORK_HEADER = YES;
				CLANG_WARN_RANGE_LOOP_ANALYSIS = YES;
				CLANG_WARN_STRICT_PROTOTYPES = YES;
				CLANG_WARN_SUSPICIOUS_MOVE = YES;
				CLANG_WARN_UNGUARDED_AVAILABILITY = YES_AGGRESSIVE;
				CLANG_WARN_UNREACHABLE_CODE = YES;
				CLANG_WARN__DUPLICATE_METHOD_MATCH = YES;
				COPY_PHASE_STRIP = NO;
				DEBUG_INFORMATION_FORMAT = dwarf;
				ENABLE_STRICT_OBJC_MSGSEND = YES;
				ENABLE_TESTABILITY = YES;
				ENABLE_USER_SCRIPT_SANDBOXING = YES;
				GCC_C_LANGUAGE_STANDARD = gnu17;
				GCC_DYNAMIC_NO_PIC = NO;
				GCC_NO_COMMON_BLOCKS = YES;
				GCC_OPTIMIZATION_LEVEL = 0;
				GCC_PREPROCESSOR_DEFINITIONS = (
					"DEBUG=1",
					"$(inherited)",
				);
				GCC_WARN_64_TO_32_BIT_CONVERSION = YES;
				GCC_WARN_ABOUT_RETURN_TYPE = YES_ERROR;
				GCC_WARN_UNDECLARED_SELECTOR = YES;
				GCC_WARN_UNINITIALIZED_AUTOS = YES_AGGRESSIVE;
				GCC_WARN_UNUSED_FUNCTION = YES;
				GCC_WARN_UNUSED_VARIABLE = YES;
				IPHONEOS_DEPLOYMENT_TARGET = 17.0;
				LOCALIZATION_PREFERS_STRING_CATALOGS = YES;
				MTL_ENABLE_DEBUG_INFO = INCLUDE_SOURCE;
				MTL_FAST_MATH = YES;
				ONLY_ACTIVE_ARCH = YES;
				SDKROOT = iphoneos;
				SWIFT_ACTIVE_COMPILATION_CONDITIONS = "DEBUG $(inherited)";
				SWIFT_OPTIMIZATION_LEVEL = "-Onone";
			};
			name = Debug;
		};
		BCC4DE412B224B9A00C88192 /* Release */ = {
			isa = XCBuildConfiguration;
			buildSettings = {
				ALWAYS_SEARCH_USER_PATHS = NO;
				ASSETCATALOG_COMPILER_GENERATE_SWIFT_ASSET_SYMBOL_EXTENSIONS = YES;
				CLANG_ANALYZER_NONNULL = YES;
				CLANG_ANALYZER_NUMBER_OBJECT_CONVERSION = YES_AGGRESSIVE;
				CLANG_CXX_LANGUAGE_STANDARD = "gnu++20";
				CLANG_ENABLE_MODULES = YES;
				CLANG_ENABLE_OBJC_ARC = YES;
				CLANG_ENABLE_OBJC_WEAK = YES;
				CLANG_WARN_BLOCK_CAPTURE_AUTORELEASING = YES;
				CLANG_WARN_BOOL_CONVERSION = YES;
				CLANG_WARN_COMMA = YES;
				CLANG_WARN_CONSTANT_CONVERSION = YES;
				CLANG_WARN_DEPRECATED_OBJC_IMPLEMENTATIONS = YES;
				CLANG_WARN_DIRECT_OBJC_ISA_USAGE = YES_ERROR;
				CLANG_WARN_DOCUMENTATION_COMMENTS = YES;
				CLANG_WARN_EMPTY_BODY = YES;
				CLANG_WARN_ENUM_CONVERSION = YES;
				CLANG_WARN_INFINITE_RECURSION = YES;
				CLANG_WARN_INT_CONVERSION = YES;
				CLANG_WARN_NON_LITERAL_NULL_CONVERSION = YES;
				CLANG_WARN_OBJC_IMPLICIT_RETAIN_SELF = YES;
				CLANG_WARN_OBJC_LITERAL_CONVERSION = YES;
				CLANG_WARN_OBJC_ROOT_CLASS = YES_ERROR;
				CLANG_WARN_QUOTED_INCLUDE_IN_FRAMEWORK_HEADER = YES;
				CLANG_WARN_RANGE_LOOP_ANALYSIS = YES;
				CLANG_WARN_STRICT_PROTOTYPES = YES;
				CLANG_WARN_SUSPICIOUS_MOVE = YES;
				CLANG_WARN_UNGUARDED_AVAILABILITY = YES_AGGRESSIVE;
				CLANG_WARN_UNREACHABLE_CODE = YES;
				CLANG_WARN__DUPLICATE_METHOD_MATCH = YES;
				COPY_PHASE_STRIP = NO;
				DEBUG_INFORMATION_FORMAT = "dwarf-with-dsym";
				ENABLE_NS_ASSERTIONS = NO;
				ENABLE_STRICT_OBJC_MSGSEND = YES;
				ENABLE_USER_SCRIPT_SANDBOXING = YES;
				GCC_C_LANGUAGE_STANDARD = gnu17;
				GCC_NO_COMMON_BLOCKS = YES;
				GCC_WARN_64_TO_32_BIT_CONVERSION = YES;
				GCC_WARN_ABOUT_RETURN_TYPE = YES_ERROR;
				GCC_WARN_UNDECLARED_SELECTOR = YES;
				GCC_WARN_UNINITIALIZED_AUTOS = YES_AGGRESSIVE;
				GCC_WARN_UNUSED_FUNCTION = YES;
				GCC_WARN_UNUSED_VARIABLE = YES;
				IPHONEOS_DEPLOYMENT_TARGET = 17.0;
				LOCALIZATION_PREFERS_STRING_CATALOGS = YES;
				MTL_ENABLE_DEBUG_INFO = NO;
				MTL_FAST_MATH = YES;
				SDKROOT = iphoneos;
				SWIFT_COMPILATION_MODE = wholemodule;
				VALIDATE_PRODUCT = YES;
			};
			name = Release;
		};
		BCC4DE432B224B9A00C88192 /* Debug */ = {
			isa = XCBuildConfiguration;
			buildSettings = {
				ASSETCATALOG_COMPILER_APPICON_NAME = AppIcon;
				ASSETCATALOG_COMPILER_GLOBAL_ACCENT_COLOR_NAME = AccentColor;
				CODE_SIGN_STYLE = Automatic;
				CURRENT_PROJECT_VERSION = 1;
				DEVELOPMENT_TEAM = 56NW34RY56;
				GENERATE_INFOPLIST_FILE = YES;
				INFOPLIST_FILE = "Minhas Viagens/Info.plist";
				INFOPLIST_KEY_UIApplicationSupportsIndirectInputEvents = YES;
				INFOPLIST_KEY_UILaunchStoryboardName = LaunchScreen;
				INFOPLIST_KEY_UIMainStoryboardFile = Main;
				INFOPLIST_KEY_UISupportedInterfaceOrientations_iPad = "UIInterfaceOrientationPortrait UIInterfaceOrientationPortraitUpsideDown UIInterfaceOrientationLandscapeLeft UIInterfaceOrientationLandscapeRight";
				INFOPLIST_KEY_UISupportedInterfaceOrientations_iPhone = "UIInterfaceOrientationPortrait UIInterfaceOrientationLandscapeLeft UIInterfaceOrientationLandscapeRight";
				LD_RUNPATH_SEARCH_PATHS = (
					"$(inherited)",
					"@executable_path/Frameworks",
				);
				MARKETING_VERSION = 1.0;
				PRODUCT_BUNDLE_IDENTIFIER = "curso-IOS.Minhas-Viagens";
				PRODUCT_NAME = "$(TARGET_NAME)";
				SWIFT_EMIT_LOC_STRINGS = YES;
				SWIFT_VERSION = 5.0;
				TARGETED_DEVICE_FAMILY = "1,2";
			};
			name = Debug;
		};
		BCC4DE442B224B9A00C88192 /* Release */ = {
			isa = XCBuildConfiguration;
			buildSettings = {
				ASSETCATALOG_COMPILER_APPICON_NAME = AppIcon;
				ASSETCATALOG_COMPILER_GLOBAL_ACCENT_COLOR_NAME = AccentColor;
				CODE_SIGN_STYLE = Automatic;
				CURRENT_PROJECT_VERSION = 1;
				DEVELOPMENT_TEAM = 56NW34RY56;
				GENERATE_INFOPLIST_FILE = YES;
				INFOPLIST_FILE = "Minhas Viagens/Info.plist";
				INFOPLIST_KEY_UIApplicationSupportsIndirectInputEvents = YES;
				INFOPLIST_KEY_UILaunchStoryboardName = LaunchScreen;
				INFOPLIST_KEY_UIMainStoryboardFile = Main;
				INFOPLIST_KEY_UISupportedInterfaceOrientations_iPad = "UIInterfaceOrientationPortrait UIInterfaceOrientationPortraitUpsideDown UIInterfaceOrientationLandscapeLeft UIInterfaceOrientationLandscapeRight";
				INFOPLIST_KEY_UISupportedInterfaceOrientations_iPhone = "UIInterfaceOrientationPortrait UIInterfaceOrientationLandscapeLeft UIInterfaceOrientationLandscapeRight";
				LD_RUNPATH_SEARCH_PATHS = (
					"$(inherited)",
					"@executable_path/Frameworks",
				);
				MARKETING_VERSION = 1.0;
				PRODUCT_BUNDLE_IDENTIFIER = "curso-IOS.Minhas-Viagens";
				PRODUCT_NAME = "$(TARGET_NAME)";
				SWIFT_EMIT_LOC_STRINGS = YES;
				SWIFT_VERSION = 5.0;
				TARGETED_DEVICE_FAMILY = "1,2";
			};
			name = Release;
		};
/* End XCBuildConfiguration section */

/* Begin XCConfigurationList section */
		BCC4DE292B224B9800C88192 /* Build configuration list for PBXProject "Minhas Viagens" */ = {
			isa = XCConfigurationList;
			buildConfigurations = (
				BCC4DE402B224B9A00C88192 /* Debug */,
				BCC4DE412B224B9A00C88192 /* Release */,
			);
			defaultConfigurationIsVisible = 0;
			defaultConfigurationName = Release;
		};
		BCC4DE422B224B9A00C88192 /* Build configuration list for PBXNativeTarget "Minhas Viagens" */ = {
			isa = XCConfigurationList;
			buildConfigurations = (
				BCC4DE432B224B9A00C88192 /* Debug */,
				BCC4DE442B224B9A00C88192 /* Release */,
			);
			defaultConfigurationIsVisible = 0;
			defaultConfigurationName = Release;
		};
/* End XCConfigurationList section */
	};
	rootObject = BCC4DE262B224B9800C88192 /* Project object */;
}
